
PODS:
- MBProgressHUD (0.5)
- MWPhotoBrowser (HEAD based on 1.0.1):
  - MBProgressHUD
  - SDWebImage (< 3.0.0)
- SDWebImage (2.7):
  - SDWebImage/Main (= 2.7)
- SDWebImage/Main (2.7)

DEPENDENCIES:
- MWPhotoBrowser (HEAD)

SPEC CHECKSUMS:
  MBProgressHUD: b23ee11c42253d6d804e8e0bfabdc334e8b2571f
  MWPhotoBrowser: e54233d4c88e951a3b6b8f136393614cf319ac47
  SDWebImage: c3306b8c68f3569f5c676d585ad77393255887dd
  SDWebImage/Main: c3306b8c68f3569f5c676d585ad77393255887dd

COCOAPODS: 0.16.0
